// !$*UTF8*$!
{
	archiveVersion = 1;
	classes = {
	};
	objectVersion = 46;
	objects = {

/* Begin PBXBuildFile section */
		93C35FBA1DCA586C0029FE1F /* AppDelegate.swift in Sources */ = {isa = PBXBuildFile; fileRef = 93C35FB91DCA586C0029FE1F /* AppDelegate.swift */; };
		93C35FBC1DCA586C0029FE1F /* ViewController.swift in Sources */ = {isa = PBXBuildFile; fileRef = 93C35FBB1DCA586C0029FE1F /* ViewController.swift */; };
		93C35FBF1DCA586C0029FE1F /* Main.storyboard in Resources */ = {isa = PBXBuildFile; fileRef = 93C35FBD1DCA586C0029FE1F /* Main.storyboard */; };
		93C35FC21DCA586C0029FE1F /* DoIt.xcdatamodeld in Sources */ = {isa = PBXBuildFile; fileRef = 93C35FC01DCA586C0029FE1F /* DoIt.xcdatamodeld */; };
		93C35FC41DCA586C0029FE1F /* Assets.xcassets in Resources */ = {isa = PBXBuildFile; fileRef = 93C35FC31DCA586C0029FE1F /* Assets.xcassets */; };
		93C35FC71DCA586C0029FE1F /* LaunchScreen.storyboard in Resources */ = {isa = PBXBuildFile; fileRef = 93C35FC51DCA586C0029FE1F /* LaunchScreen.storyboard */; };
		93C35FD11DCA5D580029FE1F /* Task.swift in Sources */ = {isa = PBXBuildFile; fileRef = 93C35FD01DCA5D580029FE1F /* Task.swift */; };
/* End PBXBuildFile section */

/* Begin PBXFileReference section */
		93C35FB61DCA586C0029FE1F /* DoIt.app */ = {isa = PBXFileReference; explicitFileType = wrapper.application; includeInIndex = 0; path = DoIt.app; sourceTree = BUILT_PRODUCTS_DIR; };
		93C35FB91DCA586C0029FE1F /* AppDelegate.swift */ = {isa = PBXFileReference; lastKnownFileType = sourcecode.swift; path = AppDelegate.swift; sourceTree = "<group>"; };
		93C35FBB1DCA586C0029FE1F /* ViewController.swift */ = {isa = PBXFileReference; lastKnownFileType = sourcecode.swift; path = ViewController.swift; sourceTree = "<group>"; };
		93C35FBE1DCA586C0029FE1F /* Base */ = {isa = PBXFileReference; lastKnownFileType = file.storyboard; name = Base; path = Base.lproj/Main.storyboard; sourceTree = "<group>"; };
		93C35FC11DCA586C0029FE1F /* DoIt.xcdatamodel */ = {isa = PBXFileReference; lastKnownFileType = wrapper.xcdatamodel; path = DoIt.xcdatamodel; sourceTree = "<group>"; };
		93C35FC31DCA586C0029FE1F /* Assets.xcassets */ = {isa = PBXFileReference; lastKnownFileType = folder.assetcatalog; path = Assets.xcassets; sourceTree = "<group>"; };
		93C35FC61DCA586C0029FE1F /* Base */ = {isa = PBXFileReference; lastKnownFileType = file.storyboard; name = Base; path = Base.lproj/LaunchScreen.storyboard; sourceTree = "<group>"; };
		93C35FC81DCA586C0029FE1F /* Info.plist */ = {isa = PBXFileReference; lastKnownFileType = text.plist.xml; path = Info.plist; sourceTree = "<group>"; };
		93C35FD01DCA5D580029FE1F /* Task.swift */ = {isa = PBXFileReference; fileEncoding = 4; lastKnownFileType = sourcecode.swift; path = Task.swift; sourceTree = "<group>"; };
/* End PBXFileReference section */

/* Begin PBXFrameworksBuildPhase section */
		93C35FB31DCA586C0029FE1F /* Frameworks */ = {
			isa = PBXFrameworksBuildPhase;
			buildActionMask = 2147483647;
			files = (
			);
			runOnlyForDeploymentPostprocessing = 0;
		};
/* End PBXFrameworksBuildPhase section */

/* Begin PBXGroup section */
		93C35FAD1DCA586C0029FE1F = {
			isa = PBXGroup;
			children = (
				93C35FB81DCA586C0029FE1F /* DoIt */,
				93C35FB71DCA586C0029FE1F /* Products */,
			);
			sourceTree = "<group>";
		};
		93C35FB71DCA586C0029FE1F /* Products */ = {
			isa = PBXGroup;
			children = (
				93C35FB61DCA586C0029FE1F /* DoIt.app */,
			);
			name = Products;
			sourceTree = "<group>";
		};
		93C35FB81DCA586C0029FE1F /* DoIt */ = {
			isa = PBXGroup;
			children = (
				93C35FD21DCA5DC80029FE1F /* Model */,
				93C35FCF1DCA5D110029FE1F /* Controller */,
				93C35FB91DCA586C0029FE1F /* AppDelegate.swift */,
				93C35FBD1DCA586C0029FE1F /* Main.storyboard */,
				93C35FC31DCA586C0029FE1F /* Assets.xcassets */,
				93C35FC51DCA586C0029FE1F /* LaunchScreen.storyboard */,
				93C35FC81DCA586C0029FE1F /* Info.plist */,
				93C35FC01DCA586C0029FE1F /* DoIt.xcdatamodeld */,
			);
			path = DoIt;
			sourceTree = "<group>";
		};
		93C35FCF1DCA5D110029FE1F /* Controller */ = {
			isa = PBXGroup;
			children = (
				93C35FBB1DCA586C0029FE1F /* ViewController.swift */,
			);
			name = Controller;
			sourceTree = "<group>";
		};
		93C35FD21DCA5DC80029FE1F /* Model */ = {
			isa = PBXGroup;
			children = (
				93C35FD01DCA5D580029FE1F /* Task.swift */,
			);
			name = Model;
			sourceTree = "<group>";
		};
/* End PBXGroup section */

/* Begin PBXNativeTarget section */
		93C35FB51DCA586C0029FE1F /* DoIt */ = {
			isa = PBXNativeTarget;
			buildConfigurationList = 93C35FCB1DCA586C0029FE1F /* Build configuration list for PBXNativeTarget "DoIt" */;
			buildPhases = (
				93C35FB21DCA586C0029FE1F /* Sources */,
				93C35FB31DCA586C0029FE1F /* Frameworks */,
				93C35FB41DCA586C0029FE1F /* Resources */,
			);
			buildRules = (
			);
			dependencies = (
			);
			name = DoIt;
			productName = DoIt;
			productReference = 93C35FB61DCA586C0029FE1F /* DoIt.app */;
			productType = "com.apple.product-type.application";
		};
/* End PBXNativeTarget section */

/* Begin PBXProject section */
		93C35FAE1DCA586C0029FE1F /* Project object */ = {
			isa = PBXProject;
			attributes = {
				LastSwiftUpdateCheck = 0810;
				LastUpgradeCheck = 0810;
				ORGANIZATIONNAME = "be connected club inc";
				TargetAttributes = {
					93C35FB51DCA586C0029FE1F = {
						CreatedOnToolsVersion = 8.1;
						DevelopmentTeam = T4A9P48H94;
						ProvisioningStyle = Automatic;
					};
				};
			};
			buildConfigurationList = 93C35FB11DCA586C0029FE1F /* Build configuration list for PBXProject "DoIt" */;
			compatibilityVersion = "Xcode 3.2";
			developmentRegion = English;
			hasScannedForEncodings = 0;
			knownRegions = (
				en,
				Base,
			);
			mainGroup = 93C35FAD1DCA586C0029FE1F;
			productRefGroup = 93C35FB71DCA586C0029FE1F /* Products */;
			projectDirPath = "";
			projectRoot = "";
			targets = (
				93C35FB51DCA586C0029FE1F /* DoIt */,
			);
		};
/* End PBXProject section */

/* Begin PBXResourcesBuildPhase section */
		93C35FB41DCA586C0029FE1F /* Resources */ = {
			isa = PBXResourcesBuildPhase;
			buildActionMask = 2147483647;
			files = (
				93C35FC71DCA586C0029FE1F /* LaunchScreen.storyboard in Resources */,
				93C35FC41DCA586C0029FE1F /* Assets.xcassets in Resources */,
				93C35FBF1DCA586C0029FE1F /* Main.storyboard in Resources */,
			);
			runOnlyForDeploymentPostprocessing = 0;
		};
/* End PBXResourcesBuildPhase section */

/* Begin PBXSourcesBuildPhase section */
		93C35FB21DCA586C0029FE1F /* Sources */ = {
			isa = PBXSourcesBuildPhase;
			buildActionMask = 2147483647;
			files = (
				93C35FD11DCA5D580029FE1F /* Task.swift in Sources */,
				93C35FC21DCA586C0029FE1F /* DoIt.xcdatamodeld in Sources */,
				93C35FBC1DCA586C0029FE1F /* ViewController.swift in Sources */,
				93C35FBA1DCA586C0029FE1F /* AppDelegate.swift in Sources */,
			);
			runOnlyForDeploymentPostprocessing = 0;
		};
/* End PBXSourcesBuildPhase section */

/* Begin PBXVariantGroup section */
		93C35FBD1DCA586C0029FE1F /* Main.storyboard */ = {
			isa = PBXVariantGroup;
			children = (
				93C35FBE1DCA586C0029FE1F /* Base */,
			);
			name = Main.storyboard;
			sourceTree = "<group>";
		};
		93C35FC51DCA586C0029FE1F /* LaunchScreen.storyboard */ = {
			isa = PBXVariantGroup;
			children = (
				93C35FC61DCA586C0029FE1F /* Base */,
			);
			name = LaunchScreen.storyboard;
			sourceTree = "<group>";
		};
/* End PBXVariantGroup section */

/* Begin XCBuildConfiguration section */
		93C35FC91DCA586C0029FE1F /* Debug */ = {
			isa = XCBuildConfiguration;
			buildSettings = {
				ALWAYS_SEARCH_USER_PATHS = NO;
				CLANG_ANALYZER_NONNULL = YES;
				CLANG_CXX_LANGUAGE_STANDARD = "gnu++0x";
				CLANG_CXX_LIBRARY = "libc++";
				CLANG_ENABLE_MODULES = YES;
				CLANG_ENABLE_OBJC_ARC = YES;
				CLANG_WARN_BOOL_CONVERSION = YES;
				CLANG_WARN_CONSTANT_CONVERSION = YES;
				CLANG_WARN_DIRECT_OBJC_ISA_USAGE = YES_ERROR;
				CLANG_WARN_DOCUMENTATION_COMMENTS = YES;
				CLANG_WARN_EMPTY_BODY = YES;
				CLANG_WARN_ENUM_CONVERSION = YES;
				CLANG_WARN_INFINITE_RECURSION = YES;
				CLANG_WARN_INT_CONVERSION = YES;
				CLANG_WARN_OBJC_ROOT_CLASS = YES_ERROR;
				CLANG_WARN_SUSPICIOUS_MOVES = YES;
				CLANG_WARN_UNREACHABLE_CODE = YES;
				CLANG_WARN__DUPLICATE_METHOD_MATCH = YES;
				"CODE_SIGN_IDENTITY[sdk=iphoneos*]" = "iPhone Developer";
				COPY_PHASE_STRIP = NO;
				DEBUG_INFORMATION_FORMAT = dwarf;
				ENABLE_STRICT_OBJC_MSGSEND = YES;
				ENABLE_TESTABILITY = YES;
				GCC_C_LANGUAGE_STANDARD = gnu99;
				GCC_DYNAMIC_NO_PIC = NO;
				GCC_NO_COMMON_BLOCKS = YES;
				GCC_OPTIMIZATION_LEVEL = 0;
				GCC_PREPROCESSOR_DEFINITIONS = (
					"DEBUG=1",
					"$(inherited)",
				);
				GCC_WARN_64_TO_32_BIT_CONVERSION = YES;
				GCC_WARN_ABOUT_RETURN_TYPE = YES_ERROR;
				GCC_WARN_UNDECLARED_SELECTOR = YES;
				GCC_WARN_UNINITIALIZED_AUTOS = YES_AGGRESSIVE;
				GCC_WARN_UNUSED_FUNCTION = YES;
				GCC_WARN_UNUSED_VARIABLE = YES;
				IPHONEOS_DEPLOYMENT_TARGET = 10.1;
				MTL_ENABLE_DEBUG_INFO = YES;
				ONLY_ACTIVE_ARCH = YES;
				SDKROOT = iphoneos;
				SWIFT_ACTIVE_COMPILATION_CONDITIONS = DEBUG;
				SWIFT_OPTIMIZATION_LEVEL = "-Onone";
				TARGETED_DEVICE_FAMILY = "1,2";
			};
			name = Debug;
		};
		93C35FCA1DCA586C0029FE1F /* Release */ = {
			isa = XCBuildConfiguration;
			buildSettings = {
				ALWAYS_SEARCH_USER_PATHS = NO;
				CLANG_ANALYZER_NONNULL = YES;
				CLANG_CXX_LANGUAGE_STANDARD = "gnu++0x";
				CLANG_CXX_LIBRARY = "libc++";
				CLANG_ENABLE_MODULES = YES;
				CLANG_ENABLE_OBJC_ARC = YES;
				CLANG_WARN_BOOL_CONVERSION = YES;
				CLANG_WARN_CONSTANT_CONVERSION = YES;
				CLANG_WARN_DIRECT_OBJC_ISA_USAGE = YES_ERROR;
				CLANG_WARN_DOCUMENTATION_COMMENTS = YES;
				CLANG_WARN_EMPTY_BODY = YES;
				CLANG_WARN_ENUM_CONVERSION = YES;
				CLANG_WARN_INFINITE_RECURSION = YES;
				CLANG_WARN_INT_CONVERSION = YES;
				CLANG_WARN_OBJC_ROOT_CLASS = YES_ERROR;
				CLANG_WARN_SUSPICIOUS_MOVES = YES;
				CLANG_WARN_UNREACHABLE_CODE = YES;
				CLANG_WARN__DUPLICATE_METHOD_MATCH = YES;
				"CODE_SIGN_IDENTITY[sdk=iphoneos*]" = "iPhone Developer";
				COPY_PHASE_STRIP = NO;
				DEBUG_INFORMATION_FORMAT = "dwarf-with-dsym";
				ENABLE_NS_ASSERTIONS = NO;
				ENABLE_STRICT_OBJC_MSGSEND = YES;
				GCC_C_LANGUAGE_STANDARD = gnu99;
				GCC_NO_COMMON_BLOCKS = YES;
				GCC_WARN_64_TO_32_BIT_CONVERSION = YES;
				GCC_WARN_ABOUT_RETURN_TYPE = YES_ERROR;
				GCC_WARN_UNDECLARED_SELECTOR = YES;
				GCC_WARN_UNINITIALIZED_AUTOS = YES_AGGRESSIVE;
				GCC_WARN_UNUSED_FUNCTION = YES;
				GCC_WARN_UNUSED_VARIABLE = YES;
				IPHONEOS_DEPLOYMENT_TARGET = 10.1;
				MTL_ENABLE_DEBUG_INFO = NO;
				SDKROOT = iphoneos;
				SWIFT_OPTIMIZATION_LEVEL = "-Owholemodule";
				TARGETED_DEVICE_FAMILY = "1,2";
				VALIDATE_PRODUCT = YES;
			};
			name = Release;
		};
		93C35FCC1DCA586C0029FE1F /* Debug */ = {
			isa = XCBuildConfiguration;
			buildSettings = {
				ASSETCATALOG_COMPILER_APPICON_NAME = AppIcon;
				DEVELOPMENT_TEAM = T4A9P48H94;
				INFOPLIST_FILE = DoIt/Info.plist;
				LD_RUNPATH_SEARCH_PATHS = "$(inherited) @executable_path/Frameworks";
				PRODUCT_BUNDLE_IDENTIFIER = beconnected.club.DoIt;
				PRODUCT_NAME = "$(TARGET_NAME)";
				SWIFT_VERSION = 3.0;
			};
			name = Debug;
		};
		93C35FCD1DCA586C0029FE1F /* Release */ = {
			isa = XCBuildConfiguration;
			buildSettings = {
				ASSETCATALOG_COMPILER_APPICON_NAME = AppIcon;
				DEVELOPMENT_TEAM = T4A9P48H94;
				INFOPLIST_FILE = DoIt/Info.plist;
				LD_RUNPATH_SEARCH_PATHS = "$(inherited) @executable_path/Frameworks";
				PRODUCT_BUNDLE_IDENTIFIER = beconnected.club.DoIt;
				PRODUCT_NAME = "$(TARGET_NAME)";
				SWIFT_VERSION = 3.0;
			};
			name = Release;
		};
/* End XCBuildConfiguration section */

/* Begin XCConfigurationList section */
		93C35FB11DCA586C0029FE1F /* Build configuration list for PBXProject "DoIt" */ = {
			isa = XCConfigurationList;
			buildConfigurations = (
				93C35FC91DCA586C0029FE1F /* Debug */,
				93C35FCA1DCA586C0029FE1F /* Release */,
			);
			defaultConfigurationIsVisible = 0;
			defaultConfigurationName = Release;
		};
		93C35FCB1DCA586C0029FE1F /* Build configuration list for PBXNativeTarget "DoIt" */ = {
			isa = XCConfigurationList;
			buildConfigurations = (
				93C35FCC1DCA586C0029FE1F /* Debug */,
				93C35FCD1DCA586C0029FE1F /* Release */,
			);
			defaultConfigurationIsVisible = 0;
		};
/* End XCConfigurationList section */

/* Begin XCVersionGroup section */
		93C35FC01DCA586C0029FE1F /* DoIt.xcdatamodeld */ = {
			isa = XCVersionGroup;
			children = (
				93C35FC11DCA586C0029FE1F /* DoIt.xcdatamodel */,
			);
			currentVersion = 93C35FC11DCA586C0029FE1F /* DoIt.xcdatamodel */;
			path = DoIt.xcdatamodeld;
			sourceTree = "<group>";
			versionGroupType = wrapper.xcdatamodel;
		};
/* End XCVersionGroup section */
	};
	rootObject = 93C35FAE1DCA586C0029FE1F /* Project object */;
}
